# This file is automatically @generated by Cargo.
# It is not intended for manual editing.
version = 4

[[package]]
name = "lix-engine"
version = "0.1.0"
dependencies = [
 "sqlparser",
]

[[package]]
name = "log"
version = "0.4.29"
source = "registry+https://github.com/rust-lang/crates.io-index"
checksum = "5e5032e24019045c762d3c0f28f5b6b8bbf38563a65908389bf7978758920897"

[[package]]
name = "sqlparser"
version = "0.53.0"
source = "registry+https://github.com/rust-lang/crates.io-index"
checksum = "05a528114c392209b3264855ad491fcce534b94a38771b0a0b97a79379275ce8"
dependencies = [
 "log",
]
